
Microsoft Visual Studio Solution File, Format Version 12.00
# Visual Studio Version 17
VisualStudioVersion = 17.9.34728.123
MinimumVisualStudioVersion = 10.0.40219.1
Project("{9A19103F-16F7-4668-BE54-9A1E7A4F7556}") = "MauiAppSalud", "MauiAppSalud.csproj", "{AB2E72A0-676D-4318-8380-6A866F1FE953}"
EndProject
Global
	GlobalSection(SolutionConfigurationPlatforms) = preSolution
		Debug|Any CPU = Debug|Any CPU
		Debug|x64 = Debug|x64
		Release|Any CPU = Release|Any CPU
		Release|x64 = Release|x64
	EndGlobalSection
	GlobalSection(ProjectConfigurationPlatforms) = postSolution
		{AB2E72A0-676D-4318-8380-6A866F1FE953}.Debug|Any CPU.ActiveCfg = Debug|Any CPU
		{AB2E72A0-676D-4318-8380-6A866F1FE953}.Debug|Any CPU.Build.0 = Debug|Any CPU
		{AB2E72A0-676D-4318-8380-6A866F1FE953}.Debug|Any CPU.Deploy.0 = Debug|Any CPU
		{AB2E72A0-676D-4318-8380-6A866F1FE953}.Debug|x64.ActiveCfg = Debug|Any CPU
		{AB2E72A0-676D-4318-8380-6A866F1FE953}.Debug|x64.Build.0 = Debug|Any CPU
		{AB2E72A0-676D-4318-8380-6A866F1FE953}.Debug|x64.Deploy.0 = Debug|Any CPU
		{AB2E72A0-676D-4318-8380-6A866F1FE953}.Release|Any CPU.ActiveCfg = Release|Any CPU
		{AB2E72A0-676D-4318-8380-6A866F1FE953}.Release|Any CPU.Build.0 = Release|Any CPU
		{AB2E72A0-676D-4318-8380-6A866F1FE953}.Release|Any CPU.Deploy.0 = Release|Any CPU
		{AB2E72A0-676D-4318-8380-6A866F1FE953}.Release|x64.ActiveCfg = Release|x64
		{AB2E72A0-676D-4318-8380-6A866F1FE953}.Release|x64.Build.0 = Release|x64
		{AB2E72A0-676D-4318-8380-6A866F1FE953}.Release|x64.Deploy.0 = Release|x64
	EndGlobalSection
	GlobalSection(SolutionProperties) = preSolution
		HideSolutionNode = FALSE
	EndGlobalSection
	GlobalSection(ExtensibilityGlobals) = postSolution
		SolutionGuid = {730993F7-E72C-40E9-9F90-1248F6642AF3}
	EndGlobalSection
EndGlobal
